
Microsoft Visual Studio Solution File, Format Version 12.00
# Visual Studio Version 17
VisualStudioVersion = 17.14.36511.14
MinimumVisualStudioVersion = 10.0.40219.1
Project("{FAE04EC0-301F-11D3-BF4B-00C04F79EFBC}") = "Satellite", "satellite\Satellite.csproj", "{EA7AD01C-7749-413F-B439-4862ECB834DB}"
	ProjectSection(ProjectDependencies) = postProject
		{A99FD2AC-A9D4-4D58-B15C-00A43C24E3A9} = {A99FD2AC-A9D4-4D58-B15C-00A43C24E3A9}
	EndProjectSection
EndProject
Project("{FAE04EC0-301F-11D3-BF4B-00C04F79EFBC}") = "Util", "Util\Util.csproj", "{A99FD2AC-A9D4-4D58-B15C-00A43C24E3A9}"
EndProject
Project("{2150E333-8FDC-42A3-9474-1A3956D46DE8}") = "Solution Items", "Solution Items", "{8EC462FD-D22E-90A8-E5CE-7E832BA40C5D}"
	ProjectSection(SolutionItems) = preProject
		.gitignore = .gitignore
		README.md = README.md
		docker-compose-gcs.yml = docker-compose-gcs.yml
	EndProjectSection
EndProject
Project("{FAE04EC0-301F-11D3-BF4B-00C04F79EFBC}") = "GroundControlStation", "GroundControlStation\GroundControlStation.csproj", "{D96A55E4-490C-4E54-BFEF-F0B944AF50E8}"
EndProject
Global
	GlobalSection(SolutionConfigurationPlatforms) = preSolution
		Debug|Any CPU = Debug|Any CPU
		Release|Any CPU = Release|Any CPU
	EndGlobalSection
	GlobalSection(ProjectConfigurationPlatforms) = postSolution
		{EA7AD01C-7749-413F-B439-4862ECB834DB}.Debug|Any CPU.ActiveCfg = Debug|Any CPU
		{EA7AD01C-7749-413F-B439-4862ECB834DB}.Debug|Any CPU.Build.0 = Debug|Any CPU
		{EA7AD01C-7749-413F-B439-4862ECB834DB}.Release|Any CPU.ActiveCfg = Release|Any CPU
		{EA7AD01C-7749-413F-B439-4862ECB834DB}.Release|Any CPU.Build.0 = Release|Any CPU
		{A99FD2AC-A9D4-4D58-B15C-00A43C24E3A9}.Debug|Any CPU.ActiveCfg = Debug|Any CPU
		{A99FD2AC-A9D4-4D58-B15C-00A43C24E3A9}.Debug|Any CPU.Build.0 = Debug|Any CPU
		{A99FD2AC-A9D4-4D58-B15C-00A43C24E3A9}.Release|Any CPU.ActiveCfg = Release|Any CPU
		{A99FD2AC-A9D4-4D58-B15C-00A43C24E3A9}.Release|Any CPU.Build.0 = Release|Any CPU
		{D96A55E4-490C-4E54-BFEF-F0B944AF50E8}.Debug|Any CPU.ActiveCfg = Debug|Any CPU
		{D96A55E4-490C-4E54-BFEF-F0B944AF50E8}.Debug|Any CPU.Build.0 = Debug|Any CPU
		{D96A55E4-490C-4E54-BFEF-F0B944AF50E8}.Release|Any CPU.ActiveCfg = Release|Any CPU
		{D96A55E4-490C-4E54-BFEF-F0B944AF50E8}.Release|Any CPU.Build.0 = Release|Any CPU
	EndGlobalSection
	GlobalSection(SolutionProperties) = preSolution
		HideSolutionNode = FALSE
	EndGlobalSection
	GlobalSection(ExtensibilityGlobals) = postSolution
		SolutionGuid = {5BED2583-23DF-410E-8988-744ADB3CF4AF}
	EndGlobalSection
EndGlobal
